
Microsoft Visual Studio Solution File, Format Version 12.00
# Visual Studio 15
VisualStudioVersion = 15.0.27130.2010
MinimumVisualStudioVersion = 10.0.40219.1
Project("{F184B08F-C81C-45F6-A57F-5ABD9991F28F}") = "PPLInk", "PPLInk\PPLInk.vbproj", "{C6A2DDF1-17AF-482F-A7FF-D7C3910C62C1}"
EndProject
Global
	GlobalSection(SolutionConfigurationPlatforms) = preSolution
		Debug|Any CPU = Debug|Any CPU
		Release|Any CPU = Release|Any CPU
	EndGlobalSection
	GlobalSection(ProjectConfigurationPlatforms) = postSolution
		{C6A2DDF1-17AF-482F-A7FF-D7C3910C62C1}.Debug|Any CPU.ActiveCfg = Debug|Any CPU
		{C6A2DDF1-17AF-482F-A7FF-D7C3910C62C1}.Debug|Any CPU.Build.0 = Debug|Any CPU
		{C6A2DDF1-17AF-482F-A7FF-D7C3910C62C1}.Release|Any CPU.ActiveCfg = Release|Any CPU
		{C6A2DDF1-17AF-482F-A7FF-D7C3910C62C1}.Release|Any CPU.Build.0 = Release|Any CPU
	EndGlobalSection
	GlobalSection(SolutionProperties) = preSolution
		HideSolutionNode = FALSE
	EndGlobalSection
	GlobalSection(ExtensibilityGlobals) = postSolution
		SolutionGuid = {91BF33D6-911A-4A5F-8302-52F807FD0B40}
	EndGlobalSection
EndGlobal
